
Microsoft Visual Studio Solution File, Format Version 12.00
# Visual Studio 15
VisualStudioVersion = 15.0.27004.2010
MinimumVisualStudioVersion = 10.0.40219.1
Project("{FAE04EC0-301F-11D3-BF4B-00C04F79EFBC}") = "ConsoleApp41", "ConsoleApp41\ConsoleApp41.csproj", "{EF716E31-9919-44AC-A2C3-E6277BB111E2}"
EndProject
Global
	GlobalSection(SolutionConfigurationPlatforms) = preSolution
		Debug|Any CPU = Debug|Any CPU
		Release|Any CPU = Release|Any CPU
	EndGlobalSection
	GlobalSection(ProjectConfigurationPlatforms) = postSolution
		{EF716E31-9919-44AC-A2C3-E6277BB111E2}.Debug|Any CPU.ActiveCfg = Debug|Any CPU
		{EF716E31-9919-44AC-A2C3-E6277BB111E2}.Debug|Any CPU.Build.0 = Debug|Any CPU
		{EF716E31-9919-44AC-A2C3-E6277BB111E2}.Release|Any CPU.ActiveCfg = Release|Any CPU
		{EF716E31-9919-44AC-A2C3-E6277BB111E2}.Release|Any CPU.Build.0 = Release|Any CPU
	EndGlobalSection
	GlobalSection(SolutionProperties) = preSolution
		HideSolutionNode = FALSE
	EndGlobalSection
	GlobalSection(ExtensibilityGlobals) = postSolution
		SolutionGuid = {D6ABC1E0-F964-444B-B78A-EE94F514A0F8}
	EndGlobalSection
EndGlobal
